github.com/a-h/templ v0.2.707 h1:T1Gkd2ugbRglZ9rYw/VBchWOSZVKmetDbBkm4YubM7U=
github.com/a-h/templ v0.2.707/go.mod h1:5cqsugkq9IerRNucNsI4DEamdHPsoGMQy99DzydLhM8=
github.com/delaneyj/datastar v0.15.0 h1:Yy7zj57aF8QA6073Qk/KoAaMWEIdUPT6vSsS/fX1Rnk=
github.com/delaneyj/datastar v0.15.0/go.mod h1:flIOI9lzd3CWryIj25aQjqqWABQfVcQoOHRqskUA7rA=
github.com/delaneyj/gostar v0.7.2 h1:hpmxebJR4XskCKYbu+inTJ/vPixBLFXOJSggTZ5ZJeA=
github.com/delaneyj/gostar v0.7.2/go.mod h1:mlxRWAVbntRR2VWlpXAzt7y9HY+bQtEm/lsyFnGLx/w=
github.com/go-sanitize/sanitize v1.1.0 h1:wq9tl5+VfkyCacCZIVQf6ksegRpfWl3N2vAyyYD0F1I=
github.com/go-sanitize/sanitize v1.1.0/go.mod h1:r+anm3xp/Y1+pTNvPSgHMznwb0VVZgszoMQs3naOf0A=
github.com/goccy/go-json v0.10.2 h1:CrxCmQqYDkv1z7lO7Wbh2HN93uovUHgrECaO5ZrCXAU=
github.com/goccy/go-json v0.10.2/go.mod h1:6MelG93GURQebXPDq3khkgXZkazVtN9CRI+MGFi0w8I=
github.com/igrmk/treemap/v2 v2.0.1 h1:Jhy4z3yhATvYZMWCmxsnHO5NnNZBdueSzvxh6353l+0=
github.com/igrmk/treemap/v2 v2.0.1/go.mod h1:PkTPvx+8OHS8/41jnnyVY+oVsfkaOUZGcr+sfonosd4=
github.com/samber/lo v1.39.0 h1:4gTz1wUhNYLhFSKl6O+8peW0v2F4BCY034GRpU9WnuA=
github.com/samber/lo v1.39.0/go.mod h1:+m/ZKRl6ClXCE2Lgf3MsQlWfh4bn1bz6CXEOxnEXnEA=
github.com/valyala/bytebufferpool v1.0.0 h1:GqA5TC/0021Y/b9FG4Oi9Mr3q7XYx6KllzawFIhcdPw=
github.com/valyala/bytebufferpool v1.0.0/go.mod h1:6bBcMArwyJ5K/AmCkWv1jt77kVWyCJ6HpOuEn7z0Csc=
golang.org/x/exp v0.0.0-20240318143956-a85f2c67cd81 h1:6R2FC06FonbXQ8pK11/PDFY6N6LWlf9KlzibaCapmqc=
golang.org/x/exp v0.0.0-20240318143956-a85f2c67cd81/go.mod h1:CQ1k9gNrJ50XIzaKCRR2hssIjF07kZFEiieALBM/ARQ=
